
Microsoft Visual Studio Solution File, Format Version 12.00
# Visual Studio Version 17
VisualStudioVersion = 17.3.32901.215
MinimumVisualStudioVersion = 10.0.40219.1
Project("{F184B08F-C81C-45F6-A57F-5ABD9991F28F}") = "App", "App.vbproj", "{13193F50-8DAC-4FF3-A1A4-56B6A0CB444E}"
EndProject
Global
	GlobalSection(SolutionConfigurationPlatforms) = preSolution
		Debug|Any CPU = Debug|Any CPU
		Release|Any CPU = Release|Any CPU
	EndGlobalSection
	GlobalSection(ProjectConfigurationPlatforms) = postSolution
		{13193F50-8DAC-4FF3-A1A4-56B6A0CB444E}.Debug|Any CPU.ActiveCfg = Debug|Any CPU
		{13193F50-8DAC-4FF3-A1A4-56B6A0CB444E}.Debug|Any CPU.Build.0 = Debug|Any CPU
		{13193F50-8DAC-4FF3-A1A4-56B6A0CB444E}.Release|Any CPU.ActiveCfg = Release|Any CPU
		{13193F50-8DAC-4FF3-A1A4-56B6A0CB444E}.Release|Any CPU.Build.0 = Release|Any CPU
	EndGlobalSection
	GlobalSection(SolutionProperties) = preSolution
		HideSolutionNode = FALSE
	EndGlobalSection
	GlobalSection(ExtensibilityGlobals) = postSolution
		SolutionGuid = {2DC6E625-3FFD-4974-A6AB-BCC0611D8B1C}
	EndGlobalSection
EndGlobal
